{
  "originHash" : "c9354c9516d550af9a7643cf46032ec3ee27141881a33db6278b6b2b77cd81e3",
  "pins" : [
    {
      "identity" : "ish-arm64-pkg",
      "kind" : "remoteSourceControl",
      "location" : "https://github.com/jacklv-coder/ish-arm64-pkg.git",
      "state" : {
        "revision" : "6f96f02c71830914c2a608258a26a8ef0833d026"
      }
    }
  ],
  "version" : 3
}
