{
  "originHash" : "088d5b2097cdea5ae4bfc11550b370b60b5e161af5e6079ae6a495e007838f9e",
  "pins" : [
    {
      "identity" : "ish-arm64-pkg",
      "kind" : "remoteSourceControl",
      "location" : "https://github.com/jacklv-coder/ish-arm64-pkg.git",
      "state" : {
        "revision" : "4e311bcea4fe806491e76a23c0e4caeeb1c513bf"
      }
    }
  ],
  "version" : 3
}
