{
  "originHash" : "33b254fb6e907b06f3849f70a2d04ae1961b207238fbfaf6c287e1ff99a4a970",
  "pins" : [
    {
      "identity" : "ish-arm64-pkg",
      "kind" : "remoteSourceControl",
      "location" : "https://github.com/jacklv-coder/ish-arm64-pkg.git",
      "state" : {
        "revision" : "fe4ed63331a7e72f1d12f69296cd3c07231a4f0e"
      }
    }
  ],
  "version" : 3
}
